
Microsoft Visual Studio Solution File, Format Version 12.00
# Visual Studio Version 17
VisualStudioVersion = 17.0.31423.177
MinimumVisualStudioVersion = 10.0.40219.1
Project("{9A19103F-16F7-4668-BE54-9A1E7A4F7556}") = "BassClefStudio.AppModel", "BassClefStudio.AppModel\BassClefStudio.AppModel.csproj", "{D25772E1-1AC4-4D0F-9BC2-AB4C57F3A751}"
EndProject
Project("{9A19103F-16F7-4668-BE54-9A1E7A4F7556}") = "BassClefStudio.AppModel.Tests", "BassClefStudio.AppModel.Tests\BassClefStudio.AppModel.Tests.csproj", "{D6D5D536-E279-4607-B3D5-07E0C5A04505}"
EndProject
Project("{FAE04EC0-301F-11D3-BF4B-00C04F79EFBC}") = "BassClefStudio.AppModel.Uwp", "BassClefStudio.AppModel.Uwp\BassClefStudio.AppModel.Uwp.csproj", "{0DF874C1-4037-46F6-B5AE-5DB2A90AC9C7}"
EndProject
Project("{9A19103F-16F7-4668-BE54-9A1E7A4F7556}") = "BassClefStudio.AppModel.Base", "BassClefStudio.AppModel.Base\BassClefStudio.AppModel.Base.csproj", "{4211842B-2489-4E09-BED2-469620C0BCA8}"
EndProject
Project("{9A19103F-16F7-4668-BE54-9A1E7A4F7556}") = "BassClefStudio.AppModel.Wpf", "BassClefStudio.AppModel.Wpf\BassClefStudio.AppModel.Wpf.csproj", "{AF8DF264-E497-4DF2-8767-9BA8FC92C945}"
EndProject
Project("{9A19103F-16F7-4668-BE54-9A1E7A4F7556}") = "BassClefStudio.AppModel.Blazor", "BassClefStudio.AppModel.Blazor\BassClefStudio.AppModel.Blazor.csproj", "{78E94E60-CBDE-4BC6-9DF3-A2EA9EA77FD6}"
EndProject
Project("{9A19103F-16F7-4668-BE54-9A1E7A4F7556}") = "BassClefStudio.AppModel.Console", "BassClefStudio.AppModel.Console\BassClefStudio.AppModel.Console.csproj", "{940968AB-A00E-4CF3-86E6-AFC29AA68CBE}"
EndProject
Global
	GlobalSection(SolutionConfigurationPlatforms) = preSolution
		Debug|Any CPU = Debug|Any CPU
		Debug|ARM = Debug|ARM
		Debug|ARM64 = Debug|ARM64
		Debug|x64 = Debug|x64
		Debug|x86 = Debug|x86
		Release|Any CPU = Release|Any CPU
		Release|ARM = Release|ARM
		Release|ARM64 = Release|ARM64
		Release|x64 = Release|x64
		Release|x86 = Release|x86
	EndGlobalSection
	GlobalSection(ProjectConfigurationPlatforms) = postSolution
		{D25772E1-1AC4-4D0F-9BC2-AB4C57F3A751}.Debug|Any CPU.ActiveCfg = Debug|Any CPU
		{D25772E1-1AC4-4D0F-9BC2-AB4C57F3A751}.Debug|Any CPU.Build.0 = Debug|Any CPU
		{D25772E1-1AC4-4D0F-9BC2-AB4C57F3A751}.Debug|ARM.ActiveCfg = Debug|Any CPU
		{D25772E1-1AC4-4D0F-9BC2-AB4C57F3A751}.Debug|ARM.Build.0 = Debug|Any CPU
		{D25772E1-1AC4-4D0F-9BC2-AB4C57F3A751}.Debug|ARM64.ActiveCfg = Debug|Any CPU
		{D25772E1-1AC4-4D0F-9BC2-AB4C57F3A751}.Debug|ARM64.Build.0 = Debug|Any CPU
		{D25772E1-1AC4-4D0F-9BC2-AB4C57F3A751}.Debug|x64.ActiveCfg = Debug|Any CPU
		{D25772E1-1AC4-4D0F-9BC2-AB4C57F3A751}.Debug|x64.Build.0 = Debug|Any CPU
		{D25772E1-1AC4-4D0F-9BC2-AB4C57F3A751}.Debug|x86.ActiveCfg = Debug|Any CPU
		{D25772E1-1AC4-4D0F-9BC2-AB4C57F3A751}.Debug|x86.Build.0 = Debug|Any CPU
		{D25772E1-1AC4-4D0F-9BC2-AB4C57F3A751}.Release|Any CPU.ActiveCfg = Release|Any CPU
		{D25772E1-1AC4-4D0F-9BC2-AB4C57F3A751}.Release|Any CPU.Build.0 = Release|Any CPU
		{D25772E1-1AC4-4D0F-9BC2-AB4C57F3A751}.Release|ARM.ActiveCfg = Release|Any CPU
		{D25772E1-1AC4-4D0F-9BC2-AB4C57F3A751}.Release|ARM.Build.0 = Release|Any CPU
		{D25772E1-1AC4-4D0F-9BC2-AB4C57F3A751}.Release|ARM64.ActiveCfg = Release|Any CPU
		{D25772E1-1AC4-4D0F-9BC2-AB4C57F3A751}.Release|ARM64.Build.0 = Release|Any CPU
		{D25772E1-1AC4-4D0F-9BC2-AB4C57F3A751}.Release|x64.ActiveCfg = Release|Any CPU
		{D25772E1-1AC4-4D0F-9BC2-AB4C57F3A751}.Release|x64.Build.0 = Release|Any CPU
		{D25772E1-1AC4-4D0F-9BC2-AB4C57F3A751}.Release|x86.ActiveCfg = Release|Any CPU
		{D25772E1-1AC4-4D0F-9BC2-AB4C57F3A751}.Release|x86.Build.0 = Release|Any CPU
		{D6D5D536-E279-4607-B3D5-07E0C5A04505}.Debug|Any CPU.ActiveCfg = Debug|Any CPU
		{D6D5D536-E279-4607-B3D5-07E0C5A04505}.Debug|Any CPU.Build.0 = Debug|Any CPU
		{D6D5D536-E279-4607-B3D5-07E0C5A04505}.Debug|ARM.ActiveCfg = Debug|Any CPU
		{D6D5D536-E279-4607-B3D5-07E0C5A04505}.Debug|ARM.Build.0 = Debug|Any CPU
		{D6D5D536-E279-4607-B3D5-07E0C5A04505}.Debug|ARM64.ActiveCfg = Debug|Any CPU
		{D6D5D536-E279-4607-B3D5-07E0C5A04505}.Debug|ARM64.Build.0 = Debug|Any CPU
		{D6D5D536-E279-4607-B3D5-07E0C5A04505}.Debug|x64.ActiveCfg = Debug|Any CPU
		{D6D5D536-E279-4607-B3D5-07E0C5A04505}.Debug|x64.Build.0 = Debug|Any CPU
		{D6D5D536-E279-4607-B3D5-07E0C5A04505}.Debug|x86.ActiveCfg = Debug|Any CPU
		{D6D5D536-E279-4607-B3D5-07E0C5A04505}.Debug|x86.Build.0 = Debug|Any CPU
		{D6D5D536-E279-4607-B3D5-07E0C5A04505}.Release|Any CPU.ActiveCfg = Release|Any CPU
		{D6D5D536-E279-4607-B3D5-07E0C5A04505}.Release|Any CPU.Build.0 = Release|Any CPU
		{D6D5D536-E279-4607-B3D5-07E0C5A04505}.Release|ARM.ActiveCfg = Release|Any CPU
		{D6D5D536-E279-4607-B3D5-07E0C5A04505}.Release|ARM.Build.0 = Release|Any CPU
		{D6D5D536-E279-4607-B3D5-07E0C5A04505}.Release|ARM64.ActiveCfg = Release|Any CPU
		{D6D5D536-E279-4607-B3D5-07E0C5A04505}.Release|ARM64.Build.0 = Release|Any CPU
		{D6D5D536-E279-4607-B3D5-07E0C5A04505}.Release|x64.ActiveCfg = Release|Any CPU
		{D6D5D536-E279-4607-B3D5-07E0C5A04505}.Release|x64.Build.0 = Release|Any CPU
		{D6D5D536-E279-4607-B3D5-07E0C5A04505}.Release|x86.ActiveCfg = Release|Any CPU
		{D6D5D536-E279-4607-B3D5-07E0C5A04505}.Release|x86.Build.0 = Release|Any CPU
		{0DF874C1-4037-46F6-B5AE-5DB2A90AC9C7}.Debug|Any CPU.ActiveCfg = Debug|Any CPU
		{0DF874C1-4037-46F6-B5AE-5DB2A90AC9C7}.Debug|Any CPU.Build.0 = Debug|Any CPU
		{0DF874C1-4037-46F6-B5AE-5DB2A90AC9C7}.Debug|ARM.ActiveCfg = Debug|ARM
		{0DF874C1-4037-46F6-B5AE-5DB2A90AC9C7}.Debug|ARM.Build.0 = Debug|ARM
		{0DF874C1-4037-46F6-B5AE-5DB2A90AC9C7}.Debug|ARM64.ActiveCfg = Debug|ARM64
		{0DF874C1-4037-46F6-B5AE-5DB2A90AC9C7}.Debug|ARM64.Build.0 = Debug|ARM64
		{0DF874C1-4037-46F6-B5AE-5DB2A90AC9C7}.Debug|x64.ActiveCfg = Debug|x64
		{0DF874C1-4037-46F6-B5AE-5DB2A90AC9C7}.Debug|x64.Build.0 = Debug|x64
		{0DF874C1-4037-46F6-B5AE-5DB2A90AC9C7}.Debug|x86.ActiveCfg = Debug|x86
		{0DF874C1-4037-46F6-B5AE-5DB2A90AC9C7}.Debug|x86.Build.0 = Debug|x86
		{0DF874C1-4037-46F6-B5AE-5DB2A90AC9C7}.Release|Any CPU.ActiveCfg = Release|Any CPU
		{0DF874C1-4037-46F6-B5AE-5DB2A90AC9C7}.Release|Any CPU.Build.0 = Release|Any CPU
		{0DF874C1-4037-46F6-B5AE-5DB2A90AC9C7}.Release|ARM.ActiveCfg = Release|ARM
		{0DF874C1-4037-46F6-B5AE-5DB2A90AC9C7}.Release|ARM.Build.0 = Release|ARM
		{0DF874C1-4037-46F6-B5AE-5DB2A90AC9C7}.Release|ARM64.ActiveCfg = Release|ARM64
		{0DF874C1-4037-46F6-B5AE-5DB2A90AC9C7}.Release|ARM64.Build.0 = Release|ARM64
		{0DF874C1-4037-46F6-B5AE-5DB2A90AC9C7}.Release|x64.ActiveCfg = Release|x64
		{0DF874C1-4037-46F6-B5AE-5DB2A90AC9C7}.Release|x64.Build.0 = Release|x64
		{0DF874C1-4037-46F6-B5AE-5DB2A90AC9C7}.Release|x86.ActiveCfg = Release|x86
		{0DF874C1-4037-46F6-B5AE-5DB2A90AC9C7}.Release|x86.Build.0 = Release|x86
		{4211842B-2489-4E09-BED2-469620C0BCA8}.Debug|Any CPU.ActiveCfg = Debug|Any CPU
		{4211842B-2489-4E09-BED2-469620C0BCA8}.Debug|Any CPU.Build.0 = Debug|Any CPU
		{4211842B-2489-4E09-BED2-469620C0BCA8}.Debug|ARM.ActiveCfg = Debug|Any CPU
		{4211842B-2489-4E09-BED2-469620C0BCA8}.Debug|ARM.Build.0 = Debug|Any CPU
		{4211842B-2489-4E09-BED2-469620C0BCA8}.Debug|ARM64.ActiveCfg = Debug|Any CPU
		{4211842B-2489-4E09-BED2-469620C0BCA8}.Debug|ARM64.Build.0 = Debug|Any CPU
		{4211842B-2489-4E09-BED2-469620C0BCA8}.Debug|x64.ActiveCfg = Debug|Any CPU
		{4211842B-2489-4E09-BED2-469620C0BCA8}.Debug|x64.Build.0 = Debug|Any CPU
		{4211842B-2489-4E09-BED2-469620C0BCA8}.Debug|x86.ActiveCfg = Debug|Any CPU
		{4211842B-2489-4E09-BED2-469620C0BCA8}.Debug|x86.Build.0 = Debug|Any CPU
		{4211842B-2489-4E09-BED2-469620C0BCA8}.Release|Any CPU.ActiveCfg = Release|Any CPU
		{4211842B-2489-4E09-BED2-469620C0BCA8}.Release|Any CPU.Build.0 = Release|Any CPU
		{4211842B-2489-4E09-BED2-469620C0BCA8}.Release|ARM.ActiveCfg = Release|Any CPU
		{4211842B-2489-4E09-BED2-469620C0BCA8}.Release|ARM.Build.0 = Release|Any CPU
		{4211842B-2489-4E09-BED2-469620C0BCA8}.Release|ARM64.ActiveCfg = Release|Any CPU
		{4211842B-2489-4E09-BED2-469620C0BCA8}.Release|ARM64.Build.0 = Release|Any CPU
		{4211842B-2489-4E09-BED2-469620C0BCA8}.Release|x64.ActiveCfg = Release|Any CPU
		{4211842B-2489-4E09-BED2-469620C0BCA8}.Release|x64.Build.0 = Release|Any CPU
		{4211842B-2489-4E09-BED2-469620C0BCA8}.Release|x86.ActiveCfg = Release|Any CPU
		{4211842B-2489-4E09-BED2-469620C0BCA8}.Release|x86.Build.0 = Release|Any CPU
		{AF8DF264-E497-4DF2-8767-9BA8FC92C945}.Debug|Any CPU.ActiveCfg = Debug|Any CPU
		{AF8DF264-E497-4DF2-8767-9BA8FC92C945}.Debug|Any CPU.Build.0 = Debug|Any CPU
		{AF8DF264-E497-4DF2-8767-9BA8FC92C945}.Debug|ARM.ActiveCfg = Debug|Any CPU
		{AF8DF264-E497-4DF2-8767-9BA8FC92C945}.Debug|ARM.Build.0 = Debug|Any CPU
		{AF8DF264-E497-4DF2-8767-9BA8FC92C945}.Debug|ARM64.ActiveCfg = Debug|Any CPU
		{AF8DF264-E497-4DF2-8767-9BA8FC92C945}.Debug|ARM64.Build.0 = Debug|Any CPU
		{AF8DF264-E497-4DF2-8767-9BA8FC92C945}.Debug|x64.ActiveCfg = Debug|Any CPU
		{AF8DF264-E497-4DF2-8767-9BA8FC92C945}.Debug|x64.Build.0 = Debug|Any CPU
		{AF8DF264-E497-4DF2-8767-9BA8FC92C945}.Debug|x86.ActiveCfg = Debug|Any CPU
		{AF8DF264-E497-4DF2-8767-9BA8FC92C945}.Debug|x86.Build.0 = Debug|Any CPU
		{AF8DF264-E497-4DF2-8767-9BA8FC92C945}.Release|Any CPU.ActiveCfg = Release|Any CPU
		{AF8DF264-E497-4DF2-8767-9BA8FC92C945}.Release|Any CPU.Build.0 = Release|Any CPU
		{AF8DF264-E497-4DF2-8767-9BA8FC92C945}.Release|ARM.ActiveCfg = Release|Any CPU
		{AF8DF264-E497-4DF2-8767-9BA8FC92C945}.Release|ARM.Build.0 = Release|Any CPU
		{AF8DF264-E497-4DF2-8767-9BA8FC92C945}.Release|ARM64.ActiveCfg = Release|Any CPU
		{AF8DF264-E497-4DF2-8767-9BA8FC92C945}.Release|ARM64.Build.0 = Release|Any CPU
		{AF8DF264-E497-4DF2-8767-9BA8FC92C945}.Release|x64.ActiveCfg = Release|Any CPU
		{AF8DF264-E497-4DF2-8767-9BA8FC92C945}.Release|x64.Build.0 = Release|Any CPU
		{AF8DF264-E497-4DF2-8767-9BA8FC92C945}.Release|x86.ActiveCfg = Release|Any CPU
		{AF8DF264-E497-4DF2-8767-9BA8FC92C945}.Release|x86.Build.0 = Release|Any CPU
		{78E94E60-CBDE-4BC6-9DF3-A2EA9EA77FD6}.Debug|Any CPU.ActiveCfg = Debug|Any CPU
		{78E94E60-CBDE-4BC6-9DF3-A2EA9EA77FD6}.Debug|Any CPU.Build.0 = Debug|Any CPU
		{78E94E60-CBDE-4BC6-9DF3-A2EA9EA77FD6}.Debug|ARM.ActiveCfg = Debug|Any CPU
		{78E94E60-CBDE-4BC6-9DF3-A2EA9EA77FD6}.Debug|ARM.Build.0 = Debug|Any CPU
		{78E94E60-CBDE-4BC6-9DF3-A2EA9EA77FD6}.Debug|ARM64.ActiveCfg = Debug|Any CPU
		{78E94E60-CBDE-4BC6-9DF3-A2EA9EA77FD6}.Debug|ARM64.Build.0 = Debug|Any CPU
		{78E94E60-CBDE-4BC6-9DF3-A2EA9EA77FD6}.Debug|x64.ActiveCfg = Debug|Any CPU
		{78E94E60-CBDE-4BC6-9DF3-A2EA9EA77FD6}.Debug|x64.Build.0 = Debug|Any CPU
		{78E94E60-CBDE-4BC6-9DF3-A2EA9EA77FD6}.Debug|x86.ActiveCfg = Debug|Any CPU
		{78E94E60-CBDE-4BC6-9DF3-A2EA9EA77FD6}.Debug|x86.Build.0 = Debug|Any CPU
		{78E94E60-CBDE-4BC6-9DF3-A2EA9EA77FD6}.Release|Any CPU.ActiveCfg = Release|Any CPU
		{78E94E60-CBDE-4BC6-9DF3-A2EA9EA77FD6}.Release|Any CPU.Build.0 = Release|Any CPU
		{78E94E60-CBDE-4BC6-9DF3-A2EA9EA77FD6}.Release|ARM.ActiveCfg = Release|Any CPU
		{78E94E60-CBDE-4BC6-9DF3-A2EA9EA77FD6}.Release|ARM.Build.0 = Release|Any CPU
		{78E94E60-CBDE-4BC6-9DF3-A2EA9EA77FD6}.Release|ARM64.ActiveCfg = Release|Any CPU
		{78E94E60-CBDE-4BC6-9DF3-A2EA9EA77FD6}.Release|ARM64.Build.0 = Release|Any CPU
		{78E94E60-CBDE-4BC6-9DF3-A2EA9EA77FD6}.Release|x64.ActiveCfg = Release|Any CPU
		{78E94E60-CBDE-4BC6-9DF3-A2EA9EA77FD6}.Release|x64.Build.0 = Release|Any CPU
		{78E94E60-CBDE-4BC6-9DF3-A2EA9EA77FD6}.Release|x86.ActiveCfg = Release|Any CPU
		{78E94E60-CBDE-4BC6-9DF3-A2EA9EA77FD6}.Release|x86.Build.0 = Release|Any CPU
		{940968AB-A00E-4CF3-86E6-AFC29AA68CBE}.Debug|Any CPU.ActiveCfg = Debug|Any CPU
		{940968AB-A00E-4CF3-86E6-AFC29AA68CBE}.Debug|Any CPU.Build.0 = Debug|Any CPU
		{940968AB-A00E-4CF3-86E6-AFC29AA68CBE}.Debug|ARM.ActiveCfg = Debug|Any CPU
		{940968AB-A00E-4CF3-86E6-AFC29AA68CBE}.Debug|ARM.Build.0 = Debug|Any CPU
		{940968AB-A00E-4CF3-86E6-AFC29AA68CBE}.Debug|ARM64.ActiveCfg = Debug|Any CPU
		{940968AB-A00E-4CF3-86E6-AFC29AA68CBE}.Debug|ARM64.Build.0 = Debug|Any CPU
		{940968AB-A00E-4CF3-86E6-AFC29AA68CBE}.Debug|x64.ActiveCfg = Debug|Any CPU
		{940968AB-A00E-4CF3-86E6-AFC29AA68CBE}.Debug|x64.Build.0 = Debug|Any CPU
		{940968AB-A00E-4CF3-86E6-AFC29AA68CBE}.Debug|x86.ActiveCfg = Debug|Any CPU
		{940968AB-A00E-4CF3-86E6-AFC29AA68CBE}.Debug|x86.Build.0 = Debug|Any CPU
		{940968AB-A00E-4CF3-86E6-AFC29AA68CBE}.Release|Any CPU.ActiveCfg = Release|Any CPU
		{940968AB-A00E-4CF3-86E6-AFC29AA68CBE}.Release|Any CPU.Build.0 = Release|Any CPU
		{940968AB-A00E-4CF3-86E6-AFC29AA68CBE}.Release|ARM.ActiveCfg = Release|Any CPU
		{940968AB-A00E-4CF3-86E6-AFC29AA68CBE}.Release|ARM.Build.0 = Release|Any CPU
		{940968AB-A00E-4CF3-86E6-AFC29AA68CBE}.Release|ARM64.ActiveCfg = Release|Any CPU
		{940968AB-A00E-4CF3-86E6-AFC29AA68CBE}.Release|ARM64.Build.0 = Release|Any CPU
		{940968AB-A00E-4CF3-86E6-AFC29AA68CBE}.Release|x64.ActiveCfg = Release|Any CPU
		{940968AB-A00E-4CF3-86E6-AFC29AA68CBE}.Release|x64.Build.0 = Release|Any CPU
		{940968AB-A00E-4CF3-86E6-AFC29AA68CBE}.Release|x86.ActiveCfg = Release|Any CPU
		{940968AB-A00E-4CF3-86E6-AFC29AA68CBE}.Release|x86.Build.0 = Release|Any CPU
	EndGlobalSection
	GlobalSection(SolutionProperties) = preSolution
		HideSolutionNode = FALSE
	EndGlobalSection
	GlobalSection(ExtensibilityGlobals) = postSolution
		SolutionGuid = {699E541F-2284-40DC-9C1A-4E2FCBB0DDDB}
	EndGlobalSection
EndGlobal
